
Microsoft Visual Studio Solution File, Format Version 12.00
# Visual Studio 15
VisualStudioVersion = 15.0.28010.2048
MinimumVisualStudioVersion = 10.0.40219.1
Project("{FAE04EC0-301F-11D3-BF4B-00C04F79EFBC}") = "azstore", "azstore\azstore.csproj", "{8F193EBE-B37E-41CD-81FC-E63B268E7A1D}"
EndProject
Global
	GlobalSection(SolutionConfigurationPlatforms) = preSolution
		Debug|Any CPU = Debug|Any CPU
		Release|Any CPU = Release|Any CPU
	EndGlobalSection
	GlobalSection(ProjectConfigurationPlatforms) = postSolution
		{8F193EBE-B37E-41CD-81FC-E63B268E7A1D}.Debug|Any CPU.ActiveCfg = Debug|Any CPU
		{8F193EBE-B37E-41CD-81FC-E63B268E7A1D}.Debug|Any CPU.Build.0 = Debug|Any CPU
		{8F193EBE-B37E-41CD-81FC-E63B268E7A1D}.Release|Any CPU.ActiveCfg = Release|Any CPU
		{8F193EBE-B37E-41CD-81FC-E63B268E7A1D}.Release|Any CPU.Build.0 = Release|Any CPU
	EndGlobalSection
	GlobalSection(SolutionProperties) = preSolution
		HideSolutionNode = FALSE
	EndGlobalSection
	GlobalSection(ExtensibilityGlobals) = postSolution
		SolutionGuid = {3A69104A-4E1D-4AB6-88B7-C9E3239DD955}
	EndGlobalSection
EndGlobal
